// !$*UTF8*$!
{
	archiveVersion = 1;
	classes = {
	};
	objectVersion = 46;
	objects = {

/* Begin PBXBuildFile section */
		D2DFF1971A5EF12F00E000E6 /* main.m in Sources */ = {isa = PBXBuildFile; fileRef = D2DFF1961A5EF12F00E000E6 /* main.m */; };
		D2DFF19A1A5EF12F00E000E6 /* AppDelegate.m in Sources */ = {isa = PBXBuildFile; fileRef = D2DFF1991A5EF12F00E000E6 /* AppDelegate.m */; };
		D2DFF19D1A5EF12F00E000E6 /* MasterViewController.m in Sources */ = {isa = PBXBuildFile; fileRef = D2DFF19C1A5EF12F00E000E6 /* MasterViewController.m */; };
		D2DFF1A01A5EF12F00E000E6 /* DetailViewController.m in Sources */ = {isa = PBXBuildFile; fileRef = D2DFF19F1A5EF12F00E000E6 /* DetailViewController.m */; };
		D2DFF1A31A5EF12F00E000E6 /* Main.storyboard in Resources */ = {isa = PBXBuildFile; fileRef = D2DFF1A11A5EF12F00E000E6 /* Main.storyboard */; };
		D2DFF1A51A5EF12F00E000E6 /* Images.xcassets in Resources */ = {isa = PBXBuildFile; fileRef = D2DFF1A41A5EF12F00E000E6 /* Images.xcassets */; };
		D2DFF1A81A5EF12F00E000E6 /* LaunchScreen.xib in Resources */ = {isa = PBXBuildFile; fileRef = D2DFF1A61A5EF12F00E000E6 /* LaunchScreen.xib */; };
		D2DFF1B41A5EF12F00E000E6 /* BackgroundTests.m in Sources */ = {isa = PBXBuildFile; fileRef = D2DFF1B31A5EF12F00E000E6 /* BackgroundTests.m */; };
/* End PBXBuildFile section */

/* Begin PBXContainerItemProxy section */
		D2DFF1AE1A5EF12F00E000E6 /* PBXContainerItemProxy */ = {
			isa = PBXContainerItemProxy;
			containerPortal = D2DFF1891A5EF12F00E000E6 /* Project object */;
			proxyType = 1;
			remoteGlobalIDString = D2DFF1901A5EF12F00E000E6;
			remoteInfo = Background;
		};
/* End PBXContainerItemProxy section */

/* Begin PBXFileReference section */
		D2DFF1911A5EF12F00E000E6 /* Background.app */ = {isa = PBXFileReference; explicitFileType = wrapper.application; includeInIndex = 0; path = Background.app; sourceTree = BUILT_PRODUCTS_DIR; };
		D2DFF1951A5EF12F00E000E6 /* Info.plist */ = {isa = PBXFileReference; lastKnownFileType = text.plist.xml; path = Info.plist; sourceTree = "<group>"; };
		D2DFF1961A5EF12F00E000E6 /* main.m */ = {isa = PBXFileReference; lastKnownFileType = sourcecode.c.objc; path = main.m; sourceTree = "<group>"; };
		D2DFF1981A5EF12F00E000E6 /* AppDelegate.h */ = {isa = PBXFileReference; lastKnownFileType = sourcecode.c.h; path = AppDelegate.h; sourceTree = "<group>"; };
		D2DFF1991A5EF12F00E000E6 /* AppDelegate.m */ = {isa = PBXFileReference; lastKnownFileType = sourcecode.c.objc; path = AppDelegate.m; sourceTree = "<group>"; };
		D2DFF19B1A5EF12F00E000E6 /* MasterViewController.h */ = {isa = PBXFileReference; lastKnownFileType = sourcecode.c.h; path = MasterViewController.h; sourceTree = "<group>"; };
		D2DFF19C1A5EF12F00E000E6 /* MasterViewController.m */ = {isa = PBXFileReference; lastKnownFileType = sourcecode.c.objc; path = MasterViewController.m; sourceTree = "<group>"; };
		D2DFF19E1A5EF12F00E000E6 /* DetailViewController.h */ = {isa = PBXFileReference; lastKnownFileType = sourcecode.c.h; path = DetailViewController.h; sourceTree = "<group>"; };
		D2DFF19F1A5EF12F00E000E6 /* DetailViewController.m */ = {isa = PBXFileReference; lastKnownFileType = sourcecode.c.objc; path = DetailViewController.m; sourceTree = "<group>"; };
		D2DFF1A21A5EF12F00E000E6 /* Base */ = {isa = PBXFileReference; lastKnownFileType = file.storyboard; name = Base; path = Base.lproj/Main.storyboard; sourceTree = "<group>"; };
		D2DFF1A41A5EF12F00E000E6 /* Images.xcassets */ = {isa = PBXFileReference; lastKnownFileType = folder.assetcatalog; path = Images.xcassets; sourceTree = "<group>"; };
		D2DFF1A71A5EF12F00E000E6 /* Base */ = {isa = PBXFileReference; lastKnownFileType = file.xib; name = Base; path = Base.lproj/LaunchScreen.xib; sourceTree = "<group>"; };
		D2DFF1AD1A5EF12F00E000E6 /* BackgroundTests.xctest */ = {isa = PBXFileReference; explicitFileType = wrapper.cfbundle; includeInIndex = 0; path = BackgroundTests.xctest; sourceTree = BUILT_PRODUCTS_DIR; };
		D2DFF1B21A5EF12F00E000E6 /* Info.plist */ = {isa = PBXFileReference; lastKnownFileType = text.plist.xml; path = Info.plist; sourceTree = "<group>"; };
		D2DFF1B31A5EF12F00E000E6 /* BackgroundTests.m */ = {isa = PBXFileReference; lastKnownFileType = sourcecode.c.objc; path = BackgroundTests.m; sourceTree = "<group>"; };
/* End PBXFileReference section */

/* Begin PBXFrameworksBuildPhase section */
		D2DFF18E1A5EF12F00E000E6 /* Frameworks */ = {
			isa = PBXFrameworksBuildPhase;
			buildActionMask = 2147483647;
			files = (
			);
			runOnlyForDeploymentPostprocessing = 0;
		};
		D2DFF1AA1A5EF12F00E000E6 /* Frameworks */ = {
			isa = PBXFrameworksBuildPhase;
			buildActionMask = 2147483647;
			files = (
			);
			runOnlyForDeploymentPostprocessing = 0;
		};
/* End PBXFrameworksBuildPhase section */

/* Begin PBXGroup section */
		D2DFF1881A5EF12F00E000E6 = {
			isa = PBXGroup;
			children = (
				D2DFF1931A5EF12F00E000E6 /* Background */,
				D2DFF1B01A5EF12F00E000E6 /* BackgroundTests */,
				D2DFF1921A5EF12F00E000E6 /* Products */,
			);
			sourceTree = "<group>";
		};
		D2DFF1921A5EF12F00E000E6 /* Products */ = {
			isa = PBXGroup;
			children = (
				D2DFF1911A5EF12F00E000E6 /* Background.app */,
				D2DFF1AD1A5EF12F00E000E6 /* BackgroundTests.xctest */,
			);
			name = Products;
			sourceTree = "<group>";
		};
		D2DFF1931A5EF12F00E000E6 /* Background */ = {
			isa = PBXGroup;
			children = (
				D2DFF1981A5EF12F00E000E6 /* AppDelegate.h */,
				D2DFF1991A5EF12F00E000E6 /* AppDelegate.m */,
				D2DFF19B1A5EF12F00E000E6 /* MasterViewController.h */,
				D2DFF19C1A5EF12F00E000E6 /* MasterViewController.m */,
				D2DFF19E1A5EF12F00E000E6 /* DetailViewController.h */,
				D2DFF19F1A5EF12F00E000E6 /* DetailViewController.m */,
				D2DFF1A11A5EF12F00E000E6 /* Main.storyboard */,
				D2DFF1A41A5EF12F00E000E6 /* Images.xcassets */,
				D2DFF1A61A5EF12F00E000E6 /* LaunchScreen.xib */,
				D2DFF1941A5EF12F00E000E6 /* Supporting Files */,
			);
			path = Background;
			sourceTree = "<group>";
		};
		D2DFF1941A5EF12F00E000E6 /* Supporting Files */ = {
			isa = PBXGroup;
			children = (
				D2DFF1951A5EF12F00E000E6 /* Info.plist */,
				D2DFF1961A5EF12F00E000E6 /* main.m */,
			);
			name = "Supporting Files";
			sourceTree = "<group>";
		};
		D2DFF1B01A5EF12F00E000E6 /* BackgroundTests */ = {
			isa = PBXGroup;
			children = (
				D2DFF1B31A5EF12F00E000E6 /* BackgroundTests.m */,
				D2DFF1B11A5EF12F00E000E6 /* Supporting Files */,
			);
			path = BackgroundTests;
			sourceTree = "<group>";
		};
		D2DFF1B11A5EF12F00E000E6 /* Supporting Files */ = {
			isa = PBXGroup;
			children = (
				D2DFF1B21A5EF12F00E000E6 /* Info.plist */,
			);
			name = "Supporting Files";
			sourceTree = "<group>";
		};
/* End PBXGroup section */

/* Begin PBXNativeTarget section */
		D2DFF1901A5EF12F00E000E6 /* Background */ = {
			isa = PBXNativeTarget;
			buildConfigurationList = D2DFF1B71A5EF12F00E000E6 /* Build configuration list for PBXNativeTarget "Background" */;
			buildPhases = (
				D2DFF18D1A5EF12F00E000E6 /* Sources */,
				D2DFF18E1A5EF12F00E000E6 /* Frameworks */,
				D2DFF18F1A5EF12F00E000E6 /* Resources */,
			);
			buildRules = (
			);
			dependencies = (
			);
			name = Background;
			productName = Background;
			productReference = D2DFF1911A5EF12F00E000E6 /* Background.app */;
			productType = "com.apple.product-type.application";
		};
		D2DFF1AC1A5EF12F00E000E6 /* BackgroundTests */ = {
			isa = PBXNativeTarget;
			buildConfigurationList = D2DFF1BA1A5EF12F00E000E6 /* Build configuration list for PBXNativeTarget "BackgroundTests" */;
			buildPhases = (
				D2DFF1A91A5EF12F00E000E6 /* Sources */,
				D2DFF1AA1A5EF12F00E000E6 /* Frameworks */,
				D2DFF1AB1A5EF12F00E000E6 /* Resources */,
			);
			buildRules = (
			);
			dependencies = (
				D2DFF1AF1A5EF12F00E000E6 /* PBXTargetDependency */,
			);
			name = BackgroundTests;
			productName = BackgroundTests;
			productReference = D2DFF1AD1A5EF12F00E000E6 /* BackgroundTests.xctest */;
			productType = "com.apple.product-type.bundle.unit-test";
		};
/* End PBXNativeTarget section */

/* Begin PBXProject section */
		D2DFF1891A5EF12F00E000E6 /* Project object */ = {
			isa = PBXProject;
			attributes = {
				LastUpgradeCheck = 0610;
				ORGANIZATIONNAME = "Pinkstone Pictures LLC";
				TargetAttributes = {
					D2DFF1901A5EF12F00E000E6 = {
						CreatedOnToolsVersion = 6.1.1;
					};
					D2DFF1AC1A5EF12F00E000E6 = {
						CreatedOnToolsVersion = 6.1.1;
						TestTargetID = D2DFF1901A5EF12F00E000E6;
					};
				};
			};
			buildConfigurationList = D2DFF18C1A5EF12F00E000E6 /* Build configuration list for PBXProject "Background" */;
			compatibilityVersion = "Xcode 3.2";
			developmentRegion = English;
			hasScannedForEncodings = 0;
			knownRegions = (
				en,
				Base,
			);
			mainGroup = D2DFF1881A5EF12F00E000E6;
			productRefGroup = D2DFF1921A5EF12F00E000E6 /* Products */;
			projectDirPath = "";
			projectRoot = "";
			targets = (
				D2DFF1901A5EF12F00E000E6 /* Background */,
				D2DFF1AC1A5EF12F00E000E6 /* BackgroundTests */,
			);
		};
/* End PBXProject section */

/* Begin PBXResourcesBuildPhase section */
		D2DFF18F1A5EF12F00E000E6 /* Resources */ = {
			isa = PBXResourcesBuildPhase;
			buildActionMask = 2147483647;
			files = (
				D2DFF1A31A5EF12F00E000E6 /* Main.storyboard in Resources */,
				D2DFF1A81A5EF12F00E000E6 /* LaunchScreen.xib in Resources */,
				D2DFF1A51A5EF12F00E000E6 /* Images.xcassets in Resources */,
			);
			runOnlyForDeploymentPostprocessing = 0;
		};
		D2DFF1AB1A5EF12F00E000E6 /* Resources */ = {
			isa = PBXResourcesBuildPhase;
			buildActionMask = 2147483647;
			files = (
			);
			runOnlyForDeploymentPostprocessing = 0;
		};
/* End PBXResourcesBuildPhase section */

/* Begin PBXSourcesBuildPhase section */
		D2DFF18D1A5EF12F00E000E6 /* Sources */ = {
			isa = PBXSourcesBuildPhase;
			buildActionMask = 2147483647;
			files = (
				D2DFF19A1A5EF12F00E000E6 /* AppDelegate.m in Sources */,
				D2DFF19D1A5EF12F00E000E6 /* MasterViewController.m in Sources */,
				D2DFF1971A5EF12F00E000E6 /* main.m in Sources */,
				D2DFF1A01A5EF12F00E000E6 /* DetailViewController.m in Sources */,
			);
			runOnlyForDeploymentPostprocessing = 0;
		};
		D2DFF1A91A5EF12F00E000E6 /* Sources */ = {
			isa = PBXSourcesBuildPhase;
			buildActionMask = 2147483647;
			files = (
				D2DFF1B41A5EF12F00E000E6 /* BackgroundTests.m in Sources */,
			);
			runOnlyForDeploymentPostprocessing = 0;
		};
/* End PBXSourcesBuildPhase section */

/* Begin PBXTargetDependency section */
		D2DFF1AF1A5EF12F00E000E6 /* PBXTargetDependency */ = {
			isa = PBXTargetDependency;
			target = D2DFF1901A5EF12F00E000E6 /* Background */;
			targetProxy = D2DFF1AE1A5EF12F00E000E6 /* PBXContainerItemProxy */;
		};
/* End PBXTargetDependency section */

/* Begin PBXVariantGroup section */
		D2DFF1A11A5EF12F00E000E6 /* Main.storyboard */ = {
			isa = PBXVariantGroup;
			children = (
				D2DFF1A21A5EF12F00E000E6 /* Base */,
			);
			name = Main.storyboard;
			sourceTree = "<group>";
		};
		D2DFF1A61A5EF12F00E000E6 /* LaunchScreen.xib */ = {
			isa = PBXVariantGroup;
			children = (
				D2DFF1A71A5EF12F00E000E6 /* Base */,
			);
			name = LaunchScreen.xib;
			sourceTree = "<group>";
		};
/* End PBXVariantGroup section */

/* Begin XCBuildConfiguration section */
		D2DFF1B51A5EF12F00E000E6 /* Debug */ = {
			isa = XCBuildConfiguration;
			buildSettings = {
				ALWAYS_SEARCH_USER_PATHS = NO;
				CLANG_CXX_LANGUAGE_STANDARD = "gnu++0x";
				CLANG_CXX_LIBRARY = "libc++";
				CLANG_ENABLE_MODULES = YES;
				CLANG_ENABLE_OBJC_ARC = YES;
				CLANG_WARN_BOOL_CONVERSION = YES;
				CLANG_WARN_CONSTANT_CONVERSION = YES;
				CLANG_WARN_DIRECT_OBJC_ISA_USAGE = YES_ERROR;
				CLANG_WARN_EMPTY_BODY = YES;
				CLANG_WARN_ENUM_CONVERSION = YES;
				CLANG_WARN_INT_CONVERSION = YES;
				CLANG_WARN_OBJC_ROOT_CLASS = YES_ERROR;
				CLANG_WARN_UNREACHABLE_CODE = YES;
				CLANG_WARN__DUPLICATE_METHOD_MATCH = YES;
				"CODE_SIGN_IDENTITY[sdk=iphoneos*]" = "iPhone Developer";
				COPY_PHASE_STRIP = NO;
				ENABLE_STRICT_OBJC_MSGSEND = YES;
				GCC_C_LANGUAGE_STANDARD = gnu99;
				GCC_DYNAMIC_NO_PIC = NO;
				GCC_OPTIMIZATION_LEVEL = 0;
				GCC_PREPROCESSOR_DEFINITIONS = (
					"DEBUG=1",
					"$(inherited)",
				);
				GCC_SYMBOLS_PRIVATE_EXTERN = NO;
				GCC_WARN_64_TO_32_BIT_CONVERSION = YES;
				GCC_WARN_ABOUT_RETURN_TYPE = YES_ERROR;
				GCC_WARN_UNDECLARED_SELECTOR = YES;
				GCC_WARN_UNINITIALIZED_AUTOS = YES_AGGRESSIVE;
				GCC_WARN_UNUSED_FUNCTION = YES;
				GCC_WARN_UNUSED_VARIABLE = YES;
				IPHONEOS_DEPLOYMENT_TARGET = 8.1;
				MTL_ENABLE_DEBUG_INFO = YES;
				ONLY_ACTIVE_ARCH = YES;
				SDKROOT = iphoneos;
				TARGETED_DEVICE_FAMILY = "1,2";
			};
			name = Debug;
		};
		D2DFF1B61A5EF12F00E000E6 /* Release */ = {
			isa = XCBuildConfiguration;
			buildSettings = {
				ALWAYS_SEARCH_USER_PATHS = NO;
				CLANG_CXX_LANGUAGE_STANDARD = "gnu++0x";
				CLANG_CXX_LIBRARY = "libc++";
				CLANG_ENABLE_MODULES = YES;
				CLANG_ENABLE_OBJC_ARC = YES;
				CLANG_WARN_BOOL_CONVERSION = YES;
				CLANG_WARN_CONSTANT_CONVERSION = YES;
				CLANG_WARN_DIRECT_OBJC_ISA_USAGE = YES_ERROR;
				CLANG_WARN_EMPTY_BODY = YES;
				CLANG_WARN_ENUM_CONVERSION = YES;
				CLANG_WARN_INT_CONVERSION = YES;
				CLANG_WARN_OBJC_ROOT_CLASS = YES_ERROR;
				CLANG_WARN_UNREACHABLE_CODE = YES;
				CLANG_WARN__DUPLICATE_METHOD_MATCH = YES;
				"CODE_SIGN_IDENTITY[sdk=iphoneos*]" = "iPhone Developer";
				COPY_PHASE_STRIP = YES;
				ENABLE_NS_ASSERTIONS = NO;
				ENABLE_STRICT_OBJC_MSGSEND = YES;
				GCC_C_LANGUAGE_STANDARD = gnu99;
				GCC_WARN_64_TO_32_BIT_CONVERSION = YES;
				GCC_WARN_ABOUT_RETURN_TYPE = YES_ERROR;
				GCC_WARN_UNDECLARED_SELECTOR = YES;
				GCC_WARN_UNINITIALIZED_AUTOS = YES_AGGRESSIVE;
				GCC_WARN_UNUSED_FUNCTION = YES;
				GCC_WARN_UNUSED_VARIABLE = YES;
				IPHONEOS_DEPLOYMENT_TARGET = 8.1;
				MTL_ENABLE_DEBUG_INFO = NO;
				SDKROOT = iphoneos;
				TARGETED_DEVICE_FAMILY = "1,2";
				VALIDATE_PRODUCT = YES;
			};
			name = Release;
		};
		D2DFF1B81A5EF12F00E000E6 /* Debug */ = {
			isa = XCBuildConfiguration;
			buildSettings = {
				ASSETCATALOG_COMPILER_APPICON_NAME = AppIcon;
				INFOPLIST_FILE = Background/Info.plist;
				LD_RUNPATH_SEARCH_PATHS = "$(inherited) @executable_path/Frameworks";
				PRODUCT_NAME = "$(TARGET_NAME)";
			};
			name = Debug;
		};
		D2DFF1B91A5EF12F00E000E6 /* Release */ = {
			isa = XCBuildConfiguration;
			buildSettings = {
				ASSETCATALOG_COMPILER_APPICON_NAME = AppIcon;
				INFOPLIST_FILE = Background/Info.plist;
				LD_RUNPATH_SEARCH_PATHS = "$(inherited) @executable_path/Frameworks";
				PRODUCT_NAME = "$(TARGET_NAME)";
			};
			name = Release;
		};
		D2DFF1BB1A5EF12F00E000E6 /* Debug */ = {
			isa = XCBuildConfiguration;
			buildSettings = {
				BUNDLE_LOADER = "$(TEST_HOST)";
				FRAMEWORK_SEARCH_PATHS = (
					"$(SDKROOT)/Developer/Library/Frameworks",
					"$(inherited)",
				);
				GCC_PREPROCESSOR_DEFINITIONS = (
					"DEBUG=1",
					"$(inherited)",
				);
				INFOPLIST_FILE = BackgroundTests/Info.plist;
				LD_RUNPATH_SEARCH_PATHS = "$(inherited) @executable_path/Frameworks @loader_path/Frameworks";
				PRODUCT_NAME = "$(TARGET_NAME)";
				TEST_HOST = "$(BUILT_PRODUCTS_DIR)/Background.app/Background";
			};
			name = Debug;
		};
		D2DFF1BC1A5EF12F00E000E6 /* Release */ = {
			isa = XCBuildConfiguration;
			buildSettings = {
				BUNDLE_LOADER = "$(TEST_HOST)";
				FRAMEWORK_SEARCH_PATHS = (
					"$(SDKROOT)/Developer/Library/Frameworks",
					"$(inherited)",
				);
				INFOPLIST_FILE = BackgroundTests/Info.plist;
				LD_RUNPATH_SEARCH_PATHS = "$(inherited) @executable_path/Frameworks @loader_path/Frameworks";
				PRODUCT_NAME = "$(TARGET_NAME)";
				TEST_HOST = "$(BUILT_PRODUCTS_DIR)/Background.app/Background";
			};
			name = Release;
		};
/* End XCBuildConfiguration section */

/* Begin XCConfigurationList section */
		D2DFF18C1A5EF12F00E000E6 /* Build configuration list for PBXProject "Background" */ = {
			isa = XCConfigurationList;
			buildConfigurations = (
				D2DFF1B51A5EF12F00E000E6 /* Debug */,
				D2DFF1B61A5EF12F00E000E6 /* Release */,
			);
			defaultConfigurationIsVisible = 0;
			defaultConfigurationName = Release;
		};
		D2DFF1B71A5EF12F00E000E6 /* Build configuration list for PBXNativeTarget "Background" */ = {
			isa = XCConfigurationList;
			buildConfigurations = (
				D2DFF1B81A5EF12F00E000E6 /* Debug */,
				D2DFF1B91A5EF12F00E000E6 /* Release */,
			);
			defaultConfigurationIsVisible = 0;
		};
		D2DFF1BA1A5EF12F00E000E6 /* Build configuration list for PBXNativeTarget "BackgroundTests" */ = {
			isa = XCConfigurationList;
			buildConfigurations = (
				D2DFF1BB1A5EF12F00E000E6 /* Debug */,
				D2DFF1BC1A5EF12F00E000E6 /* Release */,
			);
			defaultConfigurationIsVisible = 0;
		};
/* End XCConfigurationList section */
	};
	rootObject = D2DFF1891A5EF12F00E000E6 /* Project object */;
}
